
Microsoft Visual Studio Solution File, Format Version 12.00
# Visual Studio Version 16
VisualStudioVersion = 16.0.31321.278
MinimumVisualStudioVersion = 10.0.40219.1
Project("{FAE04EC0-301F-11D3-BF4B-00C04F79EFBC}") = "AllPrograms", "AllPrograms\AllPrograms.csproj", "{0ED77015-24BD-48AC-ABEA-F143FAEB31D2}"
EndProject
Global
	GlobalSection(SolutionConfigurationPlatforms) = preSolution
		Debug|Any CPU = Debug|Any CPU
		Release|Any CPU = Release|Any CPU
	EndGlobalSection
	GlobalSection(ProjectConfigurationPlatforms) = postSolution
		{0ED77015-24BD-48AC-ABEA-F143FAEB31D2}.Debug|Any CPU.ActiveCfg = Debug|Any CPU
		{0ED77015-24BD-48AC-ABEA-F143FAEB31D2}.Debug|Any CPU.Build.0 = Debug|Any CPU
		{0ED77015-24BD-48AC-ABEA-F143FAEB31D2}.Release|Any CPU.ActiveCfg = Release|Any CPU
		{0ED77015-24BD-48AC-ABEA-F143FAEB31D2}.Release|Any CPU.Build.0 = Release|Any CPU
	EndGlobalSection
	GlobalSection(SolutionProperties) = preSolution
		HideSolutionNode = FALSE
	EndGlobalSection
	GlobalSection(ExtensibilityGlobals) = postSolution
		SolutionGuid = {89C96140-A9D8-4BAE-B7A5-F0350947847C}
	EndGlobalSection
EndGlobal
